<Solution>
  <Configurations>
    <Platform Name="x64" />
  </Configurations>
  <Properties>
    <Property Name="StartupProject" Value="GenieEffect.vcxproj" />
  </Properties>
  <Project Path="GenieEffect.vcxproj" Id="778ab494-05e4-417f-b10a-bd4d620b0c00" />
  <Project Path="hook/GenieHook.vcxproj" Id="c1a09494-05e4-417f-b10a-bd4d620b0c00" />
</Solution>
