<?xml version="1.0" encoding="utf-8"?>
<Project ToolsVersion="4.0" xmlns="http://schemas.microsoft.com/developer/msbuild/2003">
  <ItemGroup>
    <Filter Include="src">
      <UniqueIdentifier>{5d1b40f6-50f5-4c55-9882-82d59208a9e9}</UniqueIdentifier>
    </Filter>
    <Filter Include="src\common">
      <UniqueIdentifier>{345b8dd4-e7ed-4715-9c8c-a94ee8a1a457}</UniqueIdentifier>
    </Filter>
    <Filter Include="src\app">
      <UniqueIdentifier>{80c48aac-7a7e-4546-a1b6-a647381c34ff}</UniqueIdentifier>
    </Filter>
    <Filter Include="src\animation">
      <UniqueIdentifier>{73cfbb46-2840-4127-9370-29f6976a17bc}</UniqueIdentifier>
    </Filter>
    <Filter Include="src\platform">
      <UniqueIdentifier>{32c9e523-0d6d-4dd5-b7b9-9d226c01f7fe}</UniqueIdentifier>
    </Filter>
    <Filter Include="src\rendering">
      <UniqueIdentifier>{d61d48ac-5a89-480d-9078-f897c753a3d0}</UniqueIdentifier>
    </Filter>
    <Filter Include="third_party\imgui">
      <UniqueIdentifier>{44b5e00e-d8af-4da7-9e4f-748b0af1e19e}</UniqueIdentifier>
    </Filter>
    <Filter Include="third_party\imgui\backends">
      <UniqueIdentifier>{b563dffc-348a-4d03-a7c5-8b1898b09e28}</UniqueIdentifier>
    </Filter>
  </ItemGroup>
  <ItemGroup>
    <ClCompile Include="src\pch.cpp">
      <Filter>src</Filter>
    </ClCompile>
    <ClCompile Include="src\animation\genie_mesh.cpp">
      <Filter>src\animation</Filter>
    </ClCompile>
    <ClCompile Include="src\app\application.cpp">
      <Filter>src\app</Filter>
    </ClCompile>
    <ClCompile Include="src\app\settings_store.cpp">
      <Filter>Source Files\App</Filter>
    </ClCompile>
    <ClCompile Include="src\app\startup_manager.cpp">
      <Filter>Source Files\App</Filter>
    </ClCompile>
    <ClCompile Include="src\app\settings_window.cpp">
      <Filter>src\app</Filter>
    </ClCompile>
    <ClCompile Include="third_party\imgui\imgui.cpp">
      <Filter>third_party\imgui</Filter>
    </ClCompile>
    <ClCompile Include="third_party\imgui\imgui_draw.cpp">
      <Filter>third_party\imgui</Filter>
    </ClCompile>
    <ClCompile Include="third_party\imgui\imgui_tables.cpp">
      <Filter>third_party\imgui</Filter>
    </ClCompile>
    <ClCompile Include="third_party\imgui\imgui_widgets.cpp">
      <Filter>third_party\imgui</Filter>
    </ClCompile>
    <ClCompile Include="third_party\imgui\backends\imgui_impl_dx11.cpp">
      <Filter>third_party\imgui\backends</Filter>
    </ClCompile>
    <ClCompile Include="third_party\imgui\backends\imgui_impl_win32.cpp">
      <Filter>third_party\imgui\backends</Filter>
    </ClCompile>
    <ClCompile Include="src\main.cpp">
      <Filter>src</Filter>
    </ClCompile>
    <ClCompile Include="src\platform\native_animation_blocker.cpp">
      <Filter>src\platform</Filter>
    </ClCompile>
    <ClCompile Include="src\platform\taskbar_target_provider.cpp">
      <Filter>src\platform</Filter>
    </ClCompile>
    <ClCompile Include="src\platform\window_event_monitor.cpp">
      <Filter>src\platform</Filter>
    </ClCompile>
    <ClCompile Include="src\platform\window_util.cpp">
      <Filter>src\platform</Filter>
    </ClCompile>
    <ClCompile Include="src\rendering\d3d_device.cpp">
      <Filter>src\rendering</Filter>
    </ClCompile>
    <ClCompile Include="src\rendering\desktop_capture.cpp">
      <Filter>src\rendering</Filter>
    </ClCompile>
    <ClCompile Include="src\rendering\overlay_window.cpp">
      <Filter>src\rendering</Filter>
    </ClCompile>
  </ItemGroup>
  <ItemGroup>
    <ClInclude Include="src\pch.hpp">
      <Filter>src</Filter>
    </ClInclude>
    <ClInclude Include="src\common\debug_log.hpp">
      <Filter>src\common</Filter>
    </ClInclude>
    <ClInclude Include="src\animation\geometry.hpp">
      <Filter>src\animation</Filter>
    </ClInclude>
    <ClInclude Include="src\animation\genie_mesh.hpp">
      <Filter>src\animation</Filter>
    </ClInclude>
    <ClInclude Include="src\app\application.hpp">
      <Filter>src\app</Filter>
    </ClInclude>
    <ClInclude Include="src\app\settings_store.hpp">
      <Filter>Header Files\App</Filter>
    </ClInclude>
    <ClInclude Include="src\app\startup_manager.hpp">
      <Filter>Header Files\App</Filter>
    </ClInclude>
    <ClInclude Include="src\app\settings_window.hpp">
      <Filter>src\app</Filter>
    </ClInclude>
    <ClInclude Include="src\platform\native_animation_blocker.hpp">
      <Filter>src\platform</Filter>
    </ClInclude>
    <ClInclude Include="src\platform\taskbar_target_provider.hpp">
      <Filter>src\platform</Filter>
    </ClInclude>
    <ClInclude Include="src\platform\window_event_monitor.hpp">
      <Filter>src\platform</Filter>
    </ClInclude>
    <ClInclude Include="src\platform\window_util.hpp">
      <Filter>src\platform</Filter>
    </ClInclude>
    <ClInclude Include="src\rendering\d3d_device.hpp">
      <Filter>src\rendering</Filter>
    </ClInclude>
    <ClInclude Include="src\rendering\desktop_capture.hpp">
      <Filter>src\rendering</Filter>
    </ClInclude>
    <ClInclude Include="src\rendering\overlay_window.hpp">
      <Filter>src\rendering</Filter>
    </ClInclude>
  </ItemGroup>
</Project>
